
Microsoft Visual Studio Solution File, Format Version 12.00
# Visual Studio Version 16
VisualStudioVersion = 16.0.30717.126
MinimumVisualStudioVersion = 10.0.40219.1
Project("{FAE04EC0-301F-11D3-BF4B-00C04F79EFBC}") = "At Yarisi v2", "At Yarisi v2\At Yarisi v2.csproj", "{959D7200-4BA6-4A82-BEF8-E75B3E612079}"
EndProject
Global
	GlobalSection(SolutionConfigurationPlatforms) = preSolution
		Debug|Any CPU = Debug|Any CPU
		Release|Any CPU = Release|Any CPU
	EndGlobalSection
	GlobalSection(ProjectConfigurationPlatforms) = postSolution
		{959D7200-4BA6-4A82-BEF8-E75B3E612079}.Debug|Any CPU.ActiveCfg = Debug|Any CPU
		{959D7200-4BA6-4A82-BEF8-E75B3E612079}.Debug|Any CPU.Build.0 = Debug|Any CPU
		{959D7200-4BA6-4A82-BEF8-E75B3E612079}.Release|Any CPU.ActiveCfg = Release|Any CPU
		{959D7200-4BA6-4A82-BEF8-E75B3E612079}.Release|Any CPU.Build.0 = Release|Any CPU
	EndGlobalSection
	GlobalSection(SolutionProperties) = preSolution
		HideSolutionNode = FALSE
	EndGlobalSection
	GlobalSection(ExtensibilityGlobals) = postSolution
		SolutionGuid = {F376EA3E-0F72-4256-8B3A-EDC7A01D3575}
	EndGlobalSection
EndGlobal
